
Microsoft Visual Studio Solution File, Format Version 12.00
# Visual Studio Version 17
VisualStudioVersion = 17.11.35208.52
MinimumVisualStudioVersion = 10.0.40219.1
Project("{FAE04EC0-301F-11D3-BF4B-00C04F79EFBC}") = "DriverProject", "DriverProject\DriverProject.csproj", "{A501E704-3868-4857-A0B9-9394DCA7A768}"
EndProject
Global
	GlobalSection(SolutionConfigurationPlatforms) = preSolution
		Debug|Any CPU = Debug|Any CPU
		Release|Any CPU = Release|Any CPU
	EndGlobalSection
	GlobalSection(ProjectConfigurationPlatforms) = postSolution
		{A501E704-3868-4857-A0B9-9394DCA7A768}.Debug|Any CPU.ActiveCfg = Debug|Any CPU
		{A501E704-3868-4857-A0B9-9394DCA7A768}.Debug|Any CPU.Build.0 = Debug|Any CPU
		{A501E704-3868-4857-A0B9-9394DCA7A768}.Release|Any CPU.ActiveCfg = Release|Any CPU
		{A501E704-3868-4857-A0B9-9394DCA7A768}.Release|Any CPU.Build.0 = Release|Any CPU
	EndGlobalSection
	GlobalSection(SolutionProperties) = preSolution
		HideSolutionNode = FALSE
	EndGlobalSection
	GlobalSection(ExtensibilityGlobals) = postSolution
		SolutionGuid = {4B7C7428-5906-4750-AD7A-2EB22EBC608A}
	EndGlobalSection
EndGlobal
