
Microsoft Visual Studio Solution File, Format Version 12.00
# Visual Studio Version 17
VisualStudioVersion = 17.11.35327.3
MinimumVisualStudioVersion = 10.0.40219.1
Project("{FAE04EC0-301F-11D3-BF4B-00C04F79EFBC}") = "Gather", "Gather\Gather.csproj", "{1F231850-A3A5-4B0F-BEA6-A6E014F1880D}"
EndProject
Global
	GlobalSection(SolutionConfigurationPlatforms) = preSolution
		Debug|Any CPU = Debug|Any CPU
		Release|Any CPU = Release|Any CPU
	EndGlobalSection
	GlobalSection(ProjectConfigurationPlatforms) = postSolution
		{1F231850-A3A5-4B0F-BEA6-A6E014F1880D}.Debug|Any CPU.ActiveCfg = Debug|Any CPU
		{1F231850-A3A5-4B0F-BEA6-A6E014F1880D}.Debug|Any CPU.Build.0 = Debug|Any CPU
		{1F231850-A3A5-4B0F-BEA6-A6E014F1880D}.Release|Any CPU.ActiveCfg = Release|Any CPU
		{1F231850-A3A5-4B0F-BEA6-A6E014F1880D}.Release|Any CPU.Build.0 = Release|Any CPU
	EndGlobalSection
	GlobalSection(SolutionProperties) = preSolution
		HideSolutionNode = FALSE
	EndGlobalSection
	GlobalSection(ExtensibilityGlobals) = postSolution
		SolutionGuid = {AAB2F87C-4839-405D-8E1F-8774A98E1F4F}
	EndGlobalSection
EndGlobal
